schema_version: 1
integration: streaming_vlm

source:
  repository: https://github.com/mit-han-lab/streaming-vlm
  branch: main
  default_branch: main
  commit: 7ac1cef46d20432053a9814838760318cb26b348
  commit_url: https://github.com/mit-han-lab/streaming-vlm/commit/7ac1cef46d20432053a9814838760318cb26b348
  verified_with: github-web
  verified_on: "2026-08-31"

license:
  spdx: MIT
  file: LICENSE
  url: https://github.com/mit-han-lab/streaming-vlm/blob/a940d8cbfa14eefe651b7f4adeb81825c28cc6c6/LICENSE

entrypoints:
  loader: streaming_vlm/inference/inference.py:load_model
  decoder_context: streaming_vlm/inference/inference.py:forward
  stream: streaming_vlm/inference/inference.py

weights:
  provider: huggingface
  model_id: mit-han-lab/StreamingVLM
  revision: 7ac1cef46d20432053a9814838760318cb26b348
  local_dir: weights/streaming-vlm
  sha256:
    model-00001-of-00004.safetensors: ffaab74c488b492f21f90f2a195aac2fa87456fc98109169780871a9634a9253
    model-00002-of-00004.safetensors: 7b2e161d13db99027d93700ac0dd58e41030e70fca6884a194f65fd23952e816
    model-00003-of-00004.safetensors: 7ae8a1f532c5b095df816fb037afc7eefeec8728fc090fea1f3376dd87314d98
    model-00004-of-00004.safetensors: ba606719fe1e8ce4ca81f723b4f186a92f19feaa53d010bd1ac076e25bd7d020
  size_bytes: 16584333312
  status: verified

integration_notes:
  - StreamingVLM 的论文机制包含 decoder KV 状态；本接入只传递状态，不运行 KV 压缩对比。
  - 当前公开仓库要求额外训练/推理环境，资产缺失时记录 blocked 而不是使用随机模型。
