schema_version: 1
integration: internvideo2

source:
  repository: https://github.com/OpenGVLab/InternVideo
  branch: main
  default_branch: main
  commit: 3965eef16e2dadd0ea6c8d0cc29c8a3039df52e3
  commit_url: https://github.com/OpenGVLab/InternVideo/commit/3965eef16e2dadd0ea6c8d0cc29c8a3039df52e3
  verified_with: github-atom
  verified_on: "2026-08-31"

license:
  spdx: Apache-2.0
  file: LICENSE
  url: https://github.com/OpenGVLab/InternVideo/blob/3965eef16e2dadd0ea6c8d0cc29c8a3039df52e3/LICENSE

entrypoints:
  backbone: InternVideo2/single_modality/models/internvideo2.py
  evaluation: InternVideo2/single_modality/main.py

weights:
  provider: official
  model_id: InternVideo2-Stage2_1B-224p-f4
  revision: planned
  license: Apache-2.0
  local_dir: weights/internvideo2
  sha256: {}
  size_bytes: null

integration_notes:
  - 固定 clip 适配；InternVideo 仓库包含多个 generation，model_id 明确限定 Stage2 视觉变体。
  - 不把整个 InternVideo 仓库或其 VLM decoder 当作单一 encoder；adapter 只导出 backbone_tokens。
  - 下载和第三方依赖安装必须由外部编排显式执行，adapter 本身禁止联网。
